
Microsoft Visual Studio Solution File, Format Version 12.00
# Visual Studio Version 16
VisualStudioVersion = 25.0.1704.4
MinimumVisualStudioVersion = 10.0.40219.1
Project("{FAE04EC0-301F-11D3-BF4B-00C04F79EFBC}") = "ThreadStack", "ThreadStack\ThreadStack.csproj", "{70452B8E-ADB5-4CAA-B0D4-62FB1A0D79F9}"
EndProject
Global
	GlobalSection(SolutionConfigurationPlatforms) = preSolution
		Debug|Any CPU = Debug|Any CPU
		Release|Any CPU = Release|Any CPU
	EndGlobalSection
	GlobalSection(ProjectConfigurationPlatforms) = postSolution
		{70452B8E-ADB5-4CAA-B0D4-62FB1A0D79F9}.Debug|Any CPU.ActiveCfg = Debug|Any CPU
		{70452B8E-ADB5-4CAA-B0D4-62FB1A0D79F9}.Debug|Any CPU.Build.0 = Debug|Any CPU
		{70452B8E-ADB5-4CAA-B0D4-62FB1A0D79F9}.Release|Any CPU.ActiveCfg = Release|Any CPU
		{70452B8E-ADB5-4CAA-B0D4-62FB1A0D79F9}.Release|Any CPU.Build.0 = Release|Any CPU
	EndGlobalSection
	GlobalSection(SolutionProperties) = preSolution
		HideSolutionNode = FALSE
	EndGlobalSection
	GlobalSection(ExtensibilityGlobals) = postSolution
		SolutionGuid = {378492CA-4CF8-46A5-9604-7A84AC4F8051}
	EndGlobalSection
EndGlobal
